
Microsoft Visual Studio Solution File, Format Version 12.00
# Visual Studio Version 17
VisualStudioVersion = 17.13.35931.197
MinimumVisualStudioVersion = 10.0.40219.1
Project("{FAE04EC0-301F-11D3-BF4B-00C04F79EFBC}") = "EgyptourProject.API", "EgyptourProject\EgyptourProject.API.csproj", "{3DE3A9E1-01C9-4BCE-822E-177863931B02}"
	ProjectSection(ProjectDependencies) = postProject
		{11A5A683-F9AA-4870-A4F9-33C259E12275} = {11A5A683-F9AA-4870-A4F9-33C259E12275}
	EndProjectSection
EndProject
Project("{FAE04EC0-301F-11D3-BF4B-00C04F79EFBC}") = "EgyptourProject.DAL", "Egyptour.DAL\EgyptourProject.DAL.csproj", "{88CAD1A3-2D46-411F-BB83-D0AAF78ED348}"
EndProject
Project("{FAE04EC0-301F-11D3-BF4B-00C04F79EFBC}") = "EgyptourProject.BLL", "C:\Users\Reem\source\repos\EgyptourProject\EgyptourProjectBLL\EgyptourProject.BLL.csproj", "{11A5A683-F9AA-4870-A4F9-33C259E12275}"
EndProject
Global
	GlobalSection(SolutionConfigurationPlatforms) = preSolution
		Debug|Any CPU = Debug|Any CPU
		Release|Any CPU = Release|Any CPU
	EndGlobalSection
	GlobalSection(ProjectConfigurationPlatforms) = postSolution
		{3DE3A9E1-01C9-4BCE-822E-177863931B02}.Debug|Any CPU.ActiveCfg = Debug|Any CPU
		{3DE3A9E1-01C9-4BCE-822E-177863931B02}.Debug|Any CPU.Build.0 = Debug|Any CPU
		{3DE3A9E1-01C9-4BCE-822E-177863931B02}.Release|Any CPU.ActiveCfg = Release|Any CPU
		{3DE3A9E1-01C9-4BCE-822E-177863931B02}.Release|Any CPU.Build.0 = Release|Any CPU
		{88CAD1A3-2D46-411F-BB83-D0AAF78ED348}.Debug|Any CPU.ActiveCfg = Debug|Any CPU
		{88CAD1A3-2D46-411F-BB83-D0AAF78ED348}.Debug|Any CPU.Build.0 = Debug|Any CPU
		{88CAD1A3-2D46-411F-BB83-D0AAF78ED348}.Release|Any CPU.ActiveCfg = Release|Any CPU
		{88CAD1A3-2D46-411F-BB83-D0AAF78ED348}.Release|Any CPU.Build.0 = Release|Any CPU
		{11A5A683-F9AA-4870-A4F9-33C259E12275}.Debug|Any CPU.ActiveCfg = Debug|Any CPU
		{11A5A683-F9AA-4870-A4F9-33C259E12275}.Debug|Any CPU.Build.0 = Debug|Any CPU
		{11A5A683-F9AA-4870-A4F9-33C259E12275}.Release|Any CPU.ActiveCfg = Release|Any CPU
		{11A5A683-F9AA-4870-A4F9-33C259E12275}.Release|Any CPU.Build.0 = Release|Any CPU
	EndGlobalSection
	GlobalSection(SolutionProperties) = preSolution
		HideSolutionNode = FALSE
	EndGlobalSection
	GlobalSection(ExtensibilityGlobals) = postSolution
		SolutionGuid = {D72C6015-9497-4871-9339-7A37733C087E}
	EndGlobalSection
EndGlobal
